// !$*UTF8*$!
{
	archiveVersion = 1;
	classes = {
	};
	objectVersion = 50;
	objects = {

/* Begin PBXBuildFile section */
		9404AB6B260ECDB600ABBF3A /* Test_1.swift in Sources */ = {isa = PBXBuildFile; fileRef = 9404AB6A260ECDB600ABBF3A /* Test_1.swift */; };
		94113A27260EDDE600E60F36 /* Player.swift in Sources */ = {isa = PBXBuildFile; fileRef = 94113A26260EDDE600E60F36 /* Player.swift */; };
		9441C6B0260F0CC800727872 /* BasicOperator.swift in Sources */ = {isa = PBXBuildFile; fileRef = 9441C6AF260F0CC800727872 /* BasicOperator.swift */; };
		9441C6B2260F11F400727872 /* StringsAndCharacters.swift in Sources */ = {isa = PBXBuildFile; fileRef = 9441C6B1260F11F400727872 /* StringsAndCharacters.swift */; };
		946678E7260DBB47002C8EA2 /* AppDelegate.swift in Sources */ = {isa = PBXBuildFile; fileRef = 946678E6260DBB47002C8EA2 /* AppDelegate.swift */; };
		946678E9260DBB47002C8EA2 /* SceneDelegate.swift in Sources */ = {isa = PBXBuildFile; fileRef = 946678E8260DBB47002C8EA2 /* SceneDelegate.swift */; };
		946678EB260DBB47002C8EA2 /* ContentView.swift in Sources */ = {isa = PBXBuildFile; fileRef = 946678EA260DBB47002C8EA2 /* ContentView.swift */; };
		946678ED260DBB49002C8EA2 /* Assets.xcassets in Resources */ = {isa = PBXBuildFile; fileRef = 946678EC260DBB49002C8EA2 /* Assets.xcassets */; };
		946678F0260DBB49002C8EA2 /* Preview Assets.xcassets in Resources */ = {isa = PBXBuildFile; fileRef = 946678EF260DBB49002C8EA2 /* Preview Assets.xcassets */; };
		946678F3260DBB49002C8EA2 /* LaunchScreen.storyboard in Resources */ = {isa = PBXBuildFile; fileRef = 946678F1260DBB49002C8EA2 /* LaunchScreen.storyboard */; };
		946678FE260DBB49002C8EA2 /* swift_testTests.swift in Sources */ = {isa = PBXBuildFile; fileRef = 946678FD260DBB49002C8EA2 /* swift_testTests.swift */; };
		94667909260DBB49002C8EA2 /* swift_testUITests.swift in Sources */ = {isa = PBXBuildFile; fileRef = 94667908260DBB49002C8EA2 /* swift_testUITests.swift */; };
		9484DD1A260F30A90016EA98 /* FunctionsTest.swift in Sources */ = {isa = PBXBuildFile; fileRef = 9484DD19260F30A90016EA98 /* FunctionsTest.swift */; };
/* End PBXBuildFile section */

/* Begin PBXContainerItemProxy section */
		946678FA260DBB49002C8EA2 /* PBXContainerItemProxy */ = {
			isa = PBXContainerItemProxy;
			containerPortal = 946678DB260DBB47002C8EA2 /* Project object */;
			proxyType = 1;
			remoteGlobalIDString = 946678E2260DBB47002C8EA2;
			remoteInfo = swift_test;
		};
		94667905260DBB49002C8EA2 /* PBXContainerItemProxy */ = {
			isa = PBXContainerItemProxy;
			containerPortal = 946678DB260DBB47002C8EA2 /* Project object */;
			proxyType = 1;
			remoteGlobalIDString = 946678E2260DBB47002C8EA2;
			remoteInfo = swift_test;
		};
/* End PBXContainerItemProxy section */

/* Begin PBXFileReference section */
		9404AB6A260ECDB600ABBF3A /* Test_1.swift */ = {isa = PBXFileReference; lastKnownFileType = sourcecode.swift; path = Test_1.swift; sourceTree = "<group>"; };
		94113A26260EDDE600E60F36 /* Player.swift */ = {isa = PBXFileReference; lastKnownFileType = sourcecode.swift; path = Player.swift; sourceTree = "<group>"; };
		9441C6AF260F0CC800727872 /* BasicOperator.swift */ = {isa = PBXFileReference; lastKnownFileType = sourcecode.swift; path = BasicOperator.swift; sourceTree = "<group>"; };
		9441C6B1260F11F400727872 /* StringsAndCharacters.swift */ = {isa = PBXFileReference; lastKnownFileType = sourcecode.swift; path = StringsAndCharacters.swift; sourceTree = "<group>"; };
		946678E3260DBB47002C8EA2 /* swift_test.app */ = {isa = PBXFileReference; explicitFileType = wrapper.application; includeInIndex = 0; path = swift_test.app; sourceTree = BUILT_PRODUCTS_DIR; };
		946678E6260DBB47002C8EA2 /* AppDelegate.swift */ = {isa = PBXFileReference; lastKnownFileType = sourcecode.swift; path = AppDelegate.swift; sourceTree = "<group>"; };
		946678E8260DBB47002C8EA2 /* SceneDelegate.swift */ = {isa = PBXFileReference; lastKnownFileType = sourcecode.swift; path = SceneDelegate.swift; sourceTree = "<group>"; };
		946678EA260DBB47002C8EA2 /* ContentView.swift */ = {isa = PBXFileReference; lastKnownFileType = sourcecode.swift; path = ContentView.swift; sourceTree = "<group>"; };
		946678EC260DBB49002C8EA2 /* Assets.xcassets */ = {isa = PBXFileReference; lastKnownFileType = folder.assetcatalog; path = Assets.xcassets; sourceTree = "<group>"; };
		946678EF260DBB49002C8EA2 /* Preview Assets.xcassets */ = {isa = PBXFileReference; lastKnownFileType = folder.assetcatalog; path = "Preview Assets.xcassets"; sourceTree = "<group>"; };
		946678F2260DBB49002C8EA2 /* Base */ = {isa = PBXFileReference; lastKnownFileType = file.storyboard; name = Base; path = Base.lproj/LaunchScreen.storyboard; sourceTree = "<group>"; };
		946678F4260DBB49002C8EA2 /* Info.plist */ = {isa = PBXFileReference; lastKnownFileType = text.plist.xml; path = Info.plist; sourceTree = "<group>"; };
		946678F9260DBB49002C8EA2 /* swift_testTests.xctest */ = {isa = PBXFileReference; explicitFileType = wrapper.cfbundle; includeInIndex = 0; path = swift_testTests.xctest; sourceTree = BUILT_PRODUCTS_DIR; };
		946678FD260DBB49002C8EA2 /* swift_testTests.swift */ = {isa = PBXFileReference; lastKnownFileType = sourcecode.swift; path = swift_testTests.swift; sourceTree = "<group>"; };
		946678FF260DBB49002C8EA2 /* Info.plist */ = {isa = PBXFileReference; lastKnownFileType = text.plist.xml; path = Info.plist; sourceTree = "<group>"; };
		94667904260DBB49002C8EA2 /* swift_testUITests.xctest */ = {isa = PBXFileReference; explicitFileType = wrapper.cfbundle; includeInIndex = 0; path = swift_testUITests.xctest; sourceTree = BUILT_PRODUCTS_DIR; };
		94667908260DBB49002C8EA2 /* swift_testUITests.swift */ = {isa = PBXFileReference; lastKnownFileType = sourcecode.swift; path = swift_testUITests.swift; sourceTree = "<group>"; };
		9466790A260DBB49002C8EA2 /* Info.plist */ = {isa = PBXFileReference; lastKnownFileType = text.plist.xml; path = Info.plist; sourceTree = "<group>"; };
		9484DD19260F30A90016EA98 /* FunctionsTest.swift */ = {isa = PBXFileReference; lastKnownFileType = sourcecode.swift; path = FunctionsTest.swift; sourceTree = "<group>"; };
/* End PBXFileReference section */

/* Begin PBXFrameworksBuildPhase section */
		946678E0260DBB47002C8EA2 /* Frameworks */ = {
			isa = PBXFrameworksBuildPhase;
			buildActionMask = 2147483647;
			files = (
			);
			runOnlyForDeploymentPostprocessing = 0;
		};
		946678F6260DBB49002C8EA2 /* Frameworks */ = {
			isa = PBXFrameworksBuildPhase;
			buildActionMask = 2147483647;
			files = (
			);
			runOnlyForDeploymentPostprocessing = 0;
		};
		94667901260DBB49002C8EA2 /* Frameworks */ = {
			isa = PBXFrameworksBuildPhase;
			buildActionMask = 2147483647;
			files = (
			);
			runOnlyForDeploymentPostprocessing = 0;
		};
/* End PBXFrameworksBuildPhase section */

/* Begin PBXGroup section */
		9404AB69260ECD3500ABBF3A /* test */ = {
			isa = PBXGroup;
			children = (
				9404AB6A260ECDB600ABBF3A /* Test_1.swift */,
				94113A26260EDDE600E60F36 /* Player.swift */,
				9441C6AF260F0CC800727872 /* BasicOperator.swift */,
				9441C6B1260F11F400727872 /* StringsAndCharacters.swift */,
				9484DD19260F30A90016EA98 /* FunctionsTest.swift */,
			);
			name = test;
			sourceTree = "<group>";
		};
		946678DA260DBB47002C8EA2 = {
			isa = PBXGroup;
			children = (
				9404AB69260ECD3500ABBF3A /* test */,
				946678E5260DBB47002C8EA2 /* swift_test */,
				946678FC260DBB49002C8EA2 /* swift_testTests */,
				94667907260DBB49002C8EA2 /* swift_testUITests */,
				946678E4260DBB47002C8EA2 /* Products */,
			);
			sourceTree = "<group>";
		};
		946678E4260DBB47002C8EA2 /* Products */ = {
			isa = PBXGroup;
			children = (
				946678E3260DBB47002C8EA2 /* swift_test.app */,
				946678F9260DBB49002C8EA2 /* swift_testTests.xctest */,
				94667904260DBB49002C8EA2 /* swift_testUITests.xctest */,
			);
			name = Products;
			sourceTree = "<group>";
		};
		946678E5260DBB47002C8EA2 /* swift_test */ = {
			isa = PBXGroup;
			children = (
				946678E6260DBB47002C8EA2 /* AppDelegate.swift */,
				946678E8260DBB47002C8EA2 /* SceneDelegate.swift */,
				946678EA260DBB47002C8EA2 /* ContentView.swift */,
				946678EC260DBB49002C8EA2 /* Assets.xcassets */,
				946678F1260DBB49002C8EA2 /* LaunchScreen.storyboard */,
				946678F4260DBB49002C8EA2 /* Info.plist */,
				946678EE260DBB49002C8EA2 /* Preview Content */,
			);
			path = swift_test;
			sourceTree = "<group>";
		};
		946678EE260DBB49002C8EA2 /* Preview Content */ = {
			isa = PBXGroup;
			children = (
				946678EF260DBB49002C8EA2 /* Preview Assets.xcassets */,
			);
			path = "Preview Content";
			sourceTree = "<group>";
		};
		946678FC260DBB49002C8EA2 /* swift_testTests */ = {
			isa = PBXGroup;
			children = (
				946678FD260DBB49002C8EA2 /* swift_testTests.swift */,
				946678FF260DBB49002C8EA2 /* Info.plist */,
			);
			path = swift_testTests;
			sourceTree = "<group>";
		};
		94667907260DBB49002C8EA2 /* swift_testUITests */ = {
			isa = PBXGroup;
			children = (
				94667908260DBB49002C8EA2 /* swift_testUITests.swift */,
				9466790A260DBB49002C8EA2 /* Info.plist */,
			);
			path = swift_testUITests;
			sourceTree = "<group>";
		};
/* End PBXGroup section */

/* Begin PBXNativeTarget section */
		946678E2260DBB47002C8EA2 /* swift_test */ = {
			isa = PBXNativeTarget;
			buildConfigurationList = 9466790D260DBB49002C8EA2 /* Build configuration list for PBXNativeTarget "swift_test" */;
			buildPhases = (
				946678DF260DBB47002C8EA2 /* Sources */,
				946678E0260DBB47002C8EA2 /* Frameworks */,
				946678E1260DBB47002C8EA2 /* Resources */,
			);
			buildRules = (
			);
			dependencies = (
			);
			name = swift_test;
			productName = swift_test;
			productReference = 946678E3260DBB47002C8EA2 /* swift_test.app */;
			productType = "com.apple.product-type.application";
		};
		946678F8260DBB49002C8EA2 /* swift_testTests */ = {
			isa = PBXNativeTarget;
			buildConfigurationList = 94667910260DBB49002C8EA2 /* Build configuration list for PBXNativeTarget "swift_testTests" */;
			buildPhases = (
				946678F5260DBB49002C8EA2 /* Sources */,
				946678F6260DBB49002C8EA2 /* Frameworks */,
				946678F7260DBB49002C8EA2 /* Resources */,
			);
			buildRules = (
			);
			dependencies = (
				946678FB260DBB49002C8EA2 /* PBXTargetDependency */,
			);
			name = swift_testTests;
			productName = swift_testTests;
			productReference = 946678F9260DBB49002C8EA2 /* swift_testTests.xctest */;
			productType = "com.apple.product-type.bundle.unit-test";
		};
		94667903260DBB49002C8EA2 /* swift_testUITests */ = {
			isa = PBXNativeTarget;
			buildConfigurationList = 94667913260DBB49002C8EA2 /* Build configuration list for PBXNativeTarget "swift_testUITests" */;
			buildPhases = (
				94667900260DBB49002C8EA2 /* Sources */,
				94667901260DBB49002C8EA2 /* Frameworks */,
				94667902260DBB49002C8EA2 /* Resources */,
			);
			buildRules = (
			);
			dependencies = (
				94667906260DBB49002C8EA2 /* PBXTargetDependency */,
			);
			name = swift_testUITests;
			productName = swift_testUITests;
			productReference = 94667904260DBB49002C8EA2 /* swift_testUITests.xctest */;
			productType = "com.apple.product-type.bundle.ui-testing";
		};
/* End PBXNativeTarget section */

/* Begin PBXProject section */
		946678DB260DBB47002C8EA2 /* Project object */ = {
			isa = PBXProject;
			attributes = {
				LastSwiftUpdateCheck = 1140;
				LastUpgradeCheck = 1140;
				ORGANIZATIONNAME = "李龙飞";
				TargetAttributes = {
					946678E2260DBB47002C8EA2 = {
						CreatedOnToolsVersion = 11.4.1;
					};
					946678F8260DBB49002C8EA2 = {
						CreatedOnToolsVersion = 11.4.1;
						TestTargetID = 946678E2260DBB47002C8EA2;
					};
					94667903260DBB49002C8EA2 = {
						CreatedOnToolsVersion = 11.4.1;
						TestTargetID = 946678E2260DBB47002C8EA2;
					};
				};
			};
			buildConfigurationList = 946678DE260DBB47002C8EA2 /* Build configuration list for PBXProject "swift_test" */;
			compatibilityVersion = "Xcode 9.3";
			developmentRegion = en;
			hasScannedForEncodings = 0;
			knownRegions = (
				en,
				Base,
			);
			mainGroup = 946678DA260DBB47002C8EA2;
			productRefGroup = 946678E4260DBB47002C8EA2 /* Products */;
			projectDirPath = "";
			projectRoot = "";
			targets = (
				946678E2260DBB47002C8EA2 /* swift_test */,
				946678F8260DBB49002C8EA2 /* swift_testTests */,
				94667903260DBB49002C8EA2 /* swift_testUITests */,
			);
		};
/* End PBXProject section */

/* Begin PBXResourcesBuildPhase section */
		946678E1260DBB47002C8EA2 /* Resources */ = {
			isa = PBXResourcesBuildPhase;
			buildActionMask = 2147483647;
			files = (
				946678F3260DBB49002C8EA2 /* LaunchScreen.storyboard in Resources */,
				946678F0260DBB49002C8EA2 /* Preview Assets.xcassets in Resources */,
				946678ED260DBB49002C8EA2 /* Assets.xcassets in Resources */,
			);
			runOnlyForDeploymentPostprocessing = 0;
		};
		946678F7260DBB49002C8EA2 /* Resources */ = {
			isa = PBXResourcesBuildPhase;
			buildActionMask = 2147483647;
			files = (
			);
			runOnlyForDeploymentPostprocessing = 0;
		};
		94667902260DBB49002C8EA2 /* Resources */ = {
			isa = PBXResourcesBuildPhase;
			buildActionMask = 2147483647;
			files = (
			);
			runOnlyForDeploymentPostprocessing = 0;
		};
/* End PBXResourcesBuildPhase section */

/* Begin PBXSourcesBuildPhase section */
		946678DF260DBB47002C8EA2 /* Sources */ = {
			isa = PBXSourcesBuildPhase;
			buildActionMask = 2147483647;
			files = (
				9441C6B2260F11F400727872 /* StringsAndCharacters.swift in Sources */,
				946678E7260DBB47002C8EA2 /* AppDelegate.swift in Sources */,
				946678E9260DBB47002C8EA2 /* SceneDelegate.swift in Sources */,
				9484DD1A260F30A90016EA98 /* FunctionsTest.swift in Sources */,
				946678EB260DBB47002C8EA2 /* ContentView.swift in Sources */,
				94113A27260EDDE600E60F36 /* Player.swift in Sources */,
				9441C6B0260F0CC800727872 /* BasicOperator.swift in Sources */,
				9404AB6B260ECDB600ABBF3A /* Test_1.swift in Sources */,
			);
			runOnlyForDeploymentPostprocessing = 0;
		};
		946678F5260DBB49002C8EA2 /* Sources */ = {
			isa = PBXSourcesBuildPhase;
			buildActionMask = 2147483647;
			files = (
				946678FE260DBB49002C8EA2 /* swift_testTests.swift in Sources */,
			);
			runOnlyForDeploymentPostprocessing = 0;
		};
		94667900260DBB49002C8EA2 /* Sources */ = {
			isa = PBXSourcesBuildPhase;
			buildActionMask = 2147483647;
			files = (
				94667909260DBB49002C8EA2 /* swift_testUITests.swift in Sources */,
			);
			runOnlyForDeploymentPostprocessing = 0;
		};
/* End PBXSourcesBuildPhase section */

/* Begin PBXTargetDependency section */
		946678FB260DBB49002C8EA2 /* PBXTargetDependency */ = {
			isa = PBXTargetDependency;
			target = 946678E2260DBB47002C8EA2 /* swift_test */;
			targetProxy = 946678FA260DBB49002C8EA2 /* PBXContainerItemProxy */;
		};
		94667906260DBB49002C8EA2 /* PBXTargetDependency */ = {
			isa = PBXTargetDependency;
			target = 946678E2260DBB47002C8EA2 /* swift_test */;
			targetProxy = 94667905260DBB49002C8EA2 /* PBXContainerItemProxy */;
		};
/* End PBXTargetDependency section */

/* Begin PBXVariantGroup section */
		946678F1260DBB49002C8EA2 /* LaunchScreen.storyboard */ = {
			isa = PBXVariantGroup;
			children = (
				946678F2260DBB49002C8EA2 /* Base */,
			);
			name = LaunchScreen.storyboard;
			sourceTree = "<group>";
		};
/* End PBXVariantGroup section */

/* Begin XCBuildConfiguration section */
		9466790B260DBB49002C8EA2 /* Debug */ = {
			isa = XCBuildConfiguration;
			buildSettings = {
				ALWAYS_SEARCH_USER_PATHS = NO;
				CLANG_ANALYZER_NONNULL = YES;
				CLANG_ANALYZER_NUMBER_OBJECT_CONVERSION = YES_AGGRESSIVE;
				CLANG_CXX_LANGUAGE_STANDARD = "gnu++14";
				CLANG_CXX_LIBRARY = "libc++";
				CLANG_ENABLE_MODULES = YES;
				CLANG_ENABLE_OBJC_ARC = YES;
				CLANG_ENABLE_OBJC_WEAK = YES;
				CLANG_WARN_BLOCK_CAPTURE_AUTORELEASING = YES;
				CLANG_WARN_BOOL_CONVERSION = YES;
				CLANG_WARN_COMMA = YES;
				CLANG_WARN_CONSTANT_CONVERSION = YES;
				CLANG_WARN_DEPRECATED_OBJC_IMPLEMENTATIONS = YES;
				CLANG_WARN_DIRECT_OBJC_ISA_USAGE = YES_ERROR;
				CLANG_WARN_DOCUMENTATION_COMMENTS = YES;
				CLANG_WARN_EMPTY_BODY = YES;
				CLANG_WARN_ENUM_CONVERSION = YES;
				CLANG_WARN_INFINITE_RECURSION = YES;
				CLANG_WARN_INT_CONVERSION = YES;
				CLANG_WARN_NON_LITERAL_NULL_CONVERSION = YES;
				CLANG_WARN_OBJC_IMPLICIT_RETAIN_SELF = YES;
				CLANG_WARN_OBJC_LITERAL_CONVERSION = YES;
				CLANG_WARN_OBJC_ROOT_CLASS = YES_ERROR;
				CLANG_WARN_RANGE_LOOP_ANALYSIS = YES;
				CLANG_WARN_STRICT_PROTOTYPES = YES;
				CLANG_WARN_SUSPICIOUS_MOVE = YES;
				CLANG_WARN_UNGUARDED_AVAILABILITY = YES_AGGRESSIVE;
				CLANG_WARN_UNREACHABLE_CODE = YES;
				CLANG_WARN__DUPLICATE_METHOD_MATCH = YES;
				COPY_PHASE_STRIP = NO;
				DEBUG_INFORMATION_FORMAT = dwarf;
				ENABLE_STRICT_OBJC_MSGSEND = YES;
				ENABLE_TESTABILITY = YES;
				GCC_C_LANGUAGE_STANDARD = gnu11;
				GCC_DYNAMIC_NO_PIC = NO;
				GCC_NO_COMMON_BLOCKS = YES;
				GCC_OPTIMIZATION_LEVEL = 0;
				GCC_PREPROCESSOR_DEFINITIONS = (
					"DEBUG=1",
					"$(inherited)",
				);
				GCC_WARN_64_TO_32_BIT_CONVERSION = YES;
				GCC_WARN_ABOUT_RETURN_TYPE = YES_ERROR;
				GCC_WARN_UNDECLARED_SELECTOR = YES;
				GCC_WARN_UNINITIALIZED_AUTOS = YES_AGGRESSIVE;
				GCC_WARN_UNUSED_FUNCTION = YES;
				GCC_WARN_UNUSED_VARIABLE = YES;
				IPHONEOS_DEPLOYMENT_TARGET = 13.4;
				MTL_ENABLE_DEBUG_INFO = INCLUDE_SOURCE;
				MTL_FAST_MATH = YES;
				ONLY_ACTIVE_ARCH = YES;
				SDKROOT = iphoneos;
				SWIFT_ACTIVE_COMPILATION_CONDITIONS = DEBUG;
				SWIFT_OPTIMIZATION_LEVEL = "-Onone";
			};
			name = Debug;
		};
		9466790C260DBB49002C8EA2 /* Release */ = {
			isa = XCBuildConfiguration;
			buildSettings = {
				ALWAYS_SEARCH_USER_PATHS = NO;
				CLANG_ANALYZER_NONNULL = YES;
				CLANG_ANALYZER_NUMBER_OBJECT_CONVERSION = YES_AGGRESSIVE;
				CLANG_CXX_LANGUAGE_STANDARD = "gnu++14";
				CLANG_CXX_LIBRARY = "libc++";
				CLANG_ENABLE_MODULES = YES;
				CLANG_ENABLE_OBJC_ARC = YES;
				CLANG_ENABLE_OBJC_WEAK = YES;
				CLANG_WARN_BLOCK_CAPTURE_AUTORELEASING = YES;
				CLANG_WARN_BOOL_CONVERSION = YES;
				CLANG_WARN_COMMA = YES;
				CLANG_WARN_CONSTANT_CONVERSION = YES;
				CLANG_WARN_DEPRECATED_OBJC_IMPLEMENTATIONS = YES;
				CLANG_WARN_DIRECT_OBJC_ISA_USAGE = YES_ERROR;
				CLANG_WARN_DOCUMENTATION_COMMENTS = YES;
				CLANG_WARN_EMPTY_BODY = YES;
				CLANG_WARN_ENUM_CONVERSION = YES;
				CLANG_WARN_INFINITE_RECURSION = YES;
				CLANG_WARN_INT_CONVERSION = YES;
				CLANG_WARN_NON_LITERAL_NULL_CONVERSION = YES;
				CLANG_WARN_OBJC_IMPLICIT_RETAIN_SELF = YES;
				CLANG_WARN_OBJC_LITERAL_CONVERSION = YES;
				CLANG_WARN_OBJC_ROOT_CLASS = YES_ERROR;
				CLANG_WARN_RANGE_LOOP_ANALYSIS = YES;
				CLANG_WARN_STRICT_PROTOTYPES = YES;
				CLANG_WARN_SUSPICIOUS_MOVE = YES;
				CLANG_WARN_UNGUARDED_AVAILABILITY = YES_AGGRESSIVE;
				CLANG_WARN_UNREACHABLE_CODE = YES;
				CLANG_WARN__DUPLICATE_METHOD_MATCH = YES;
				COPY_PHASE_STRIP = NO;
				DEBUG_INFORMATION_FORMAT = "dwarf-with-dsym";
				ENABLE_NS_ASSERTIONS = NO;
				ENABLE_STRICT_OBJC_MSGSEND = YES;
				GCC_C_LANGUAGE_STANDARD = gnu11;
				GCC_NO_COMMON_BLOCKS = YES;
				GCC_WARN_64_TO_32_BIT_CONVERSION = YES;
				GCC_WARN_ABOUT_RETURN_TYPE = YES_ERROR;
				GCC_WARN_UNDECLARED_SELECTOR = YES;
				GCC_WARN_UNINITIALIZED_AUTOS = YES_AGGRESSIVE;
				GCC_WARN_UNUSED_FUNCTION = YES;
				GCC_WARN_UNUSED_VARIABLE = YES;
				IPHONEOS_DEPLOYMENT_TARGET = 13.4;
				MTL_ENABLE_DEBUG_INFO = NO;
				MTL_FAST_MATH = YES;
				SDKROOT = iphoneos;
				SWIFT_COMPILATION_MODE = wholemodule;
				SWIFT_OPTIMIZATION_LEVEL = "-O";
				VALIDATE_PRODUCT = YES;
			};
			name = Release;
		};
		9466790E260DBB49002C8EA2 /* Debug */ = {
			isa = XCBuildConfiguration;
			buildSettings = {
				ASSETCATALOG_COMPILER_APPICON_NAME = AppIcon;
				CODE_SIGN_STYLE = Automatic;
				DEVELOPMENT_ASSET_PATHS = "\"swift_test/Preview Content\"";
				DEVELOPMENT_TEAM = PG53RP2RP3;
				ENABLE_PREVIEWS = YES;
				INFOPLIST_FILE = swift_test/Info.plist;
				LD_RUNPATH_SEARCH_PATHS = (
					"$(inherited)",
					"@executable_path/Frameworks",
				);
				PRODUCT_BUNDLE_IDENTIFIER = "lilfei.swift-test";
				PRODUCT_NAME = "$(TARGET_NAME)";
				SWIFT_VERSION = 5.0;
				TARGETED_DEVICE_FAMILY = "1,2";
			};
			name = Debug;
		};
		9466790F260DBB49002C8EA2 /* Release */ = {
			isa = XCBuildConfiguration;
			buildSettings = {
				ASSETCATALOG_COMPILER_APPICON_NAME = AppIcon;
				CODE_SIGN_STYLE = Automatic;
				DEVELOPMENT_ASSET_PATHS = "\"swift_test/Preview Content\"";
				DEVELOPMENT_TEAM = PG53RP2RP3;
				ENABLE_PREVIEWS = YES;
				INFOPLIST_FILE = swift_test/Info.plist;
				LD_RUNPATH_SEARCH_PATHS = (
					"$(inherited)",
					"@executable_path/Frameworks",
				);
				PRODUCT_BUNDLE_IDENTIFIER = "lilfei.swift-test";
				PRODUCT_NAME = "$(TARGET_NAME)";
				SWIFT_VERSION = 5.0;
				TARGETED_DEVICE_FAMILY = "1,2";
			};
			name = Release;
		};
		94667911260DBB49002C8EA2 /* Debug */ = {
			isa = XCBuildConfiguration;
			buildSettings = {
				ALWAYS_EMBED_SWIFT_STANDARD_LIBRARIES = YES;
				BUNDLE_LOADER = "$(TEST_HOST)";
				CODE_SIGN_STYLE = Automatic;
				DEVELOPMENT_TEAM = PG53RP2RP3;
				INFOPLIST_FILE = swift_testTests/Info.plist;
				IPHONEOS_DEPLOYMENT_TARGET = 13.4;
				LD_RUNPATH_SEARCH_PATHS = (
					"$(inherited)",
					"@executable_path/Frameworks",
					"@loader_path/Frameworks",
				);
				PRODUCT_BUNDLE_IDENTIFIER = "lilfei.swift-testTests";
				PRODUCT_NAME = "$(TARGET_NAME)";
				SWIFT_VERSION = 5.0;
				TARGETED_DEVICE_FAMILY = "1,2";
				TEST_HOST = "$(BUILT_PRODUCTS_DIR)/swift_test.app/swift_test";
			};
			name = Debug;
		};
		94667912260DBB49002C8EA2 /* Release */ = {
			isa = XCBuildConfiguration;
			buildSettings = {
				ALWAYS_EMBED_SWIFT_STANDARD_LIBRARIES = YES;
				BUNDLE_LOADER = "$(TEST_HOST)";
				CODE_SIGN_STYLE = Automatic;
				DEVELOPMENT_TEAM = PG53RP2RP3;
				INFOPLIST_FILE = swift_testTests/Info.plist;
				IPHONEOS_DEPLOYMENT_TARGET = 13.4;
				LD_RUNPATH_SEARCH_PATHS = (
					"$(inherited)",
					"@executable_path/Frameworks",
					"@loader_path/Frameworks",
				);
				PRODUCT_BUNDLE_IDENTIFIER = "lilfei.swift-testTests";
				PRODUCT_NAME = "$(TARGET_NAME)";
				SWIFT_VERSION = 5.0;
				TARGETED_DEVICE_FAMILY = "1,2";
				TEST_HOST = "$(BUILT_PRODUCTS_DIR)/swift_test.app/swift_test";
			};
			name = Release;
		};
		94667914260DBB49002C8EA2 /* Debug */ = {
			isa = XCBuildConfiguration;
			buildSettings = {
				ALWAYS_EMBED_SWIFT_STANDARD_LIBRARIES = YES;
				CODE_SIGN_STYLE = Automatic;
				DEVELOPMENT_TEAM = PG53RP2RP3;
				INFOPLIST_FILE = swift_testUITests/Info.plist;
				LD_RUNPATH_SEARCH_PATHS = (
					"$(inherited)",
					"@executable_path/Frameworks",
					"@loader_path/Frameworks",
				);
				PRODUCT_BUNDLE_IDENTIFIER = "lilfei.swift-testUITests";
				PRODUCT_NAME = "$(TARGET_NAME)";
				SWIFT_VERSION = 5.0;
				TARGETED_DEVICE_FAMILY = "1,2";
				TEST_TARGET_NAME = swift_test;
			};
			name = Debug;
		};
		94667915260DBB49002C8EA2 /* Release */ = {
			isa = XCBuildConfiguration;
			buildSettings = {
				ALWAYS_EMBED_SWIFT_STANDARD_LIBRARIES = YES;
				CODE_SIGN_STYLE = Automatic;
				DEVELOPMENT_TEAM = PG53RP2RP3;
				INFOPLIST_FILE = swift_testUITests/Info.plist;
				LD_RUNPATH_SEARCH_PATHS = (
					"$(inherited)",
					"@executable_path/Frameworks",
					"@loader_path/Frameworks",
				);
				PRODUCT_BUNDLE_IDENTIFIER = "lilfei.swift-testUITests";
				PRODUCT_NAME = "$(TARGET_NAME)";
				SWIFT_VERSION = 5.0;
				TARGETED_DEVICE_FAMILY = "1,2";
				TEST_TARGET_NAME = swift_test;
			};
			name = Release;
		};
/* End XCBuildConfiguration section */

/* Begin XCConfigurationList section */
		946678DE260DBB47002C8EA2 /* Build configuration list for PBXProject "swift_test" */ = {
			isa = XCConfigurationList;
			buildConfigurations = (
				9466790B260DBB49002C8EA2 /* Debug */,
				9466790C260DBB49002C8EA2 /* Release */,
			);
			defaultConfigurationIsVisible = 0;
			defaultConfigurationName = Release;
		};
		9466790D260DBB49002C8EA2 /* Build configuration list for PBXNativeTarget "swift_test" */ = {
			isa = XCConfigurationList;
			buildConfigurations = (
				9466790E260DBB49002C8EA2 /* Debug */,
				9466790F260DBB49002C8EA2 /* Release */,
			);
			defaultConfigurationIsVisible = 0;
			defaultConfigurationName = Release;
		};
		94667910260DBB49002C8EA2 /* Build configuration list for PBXNativeTarget "swift_testTests" */ = {
			isa = XCConfigurationList;
			buildConfigurations = (
				94667911260DBB49002C8EA2 /* Debug */,
				94667912260DBB49002C8EA2 /* Release */,
			);
			defaultConfigurationIsVisible = 0;
			defaultConfigurationName = Release;
		};
		94667913260DBB49002C8EA2 /* Build configuration list for PBXNativeTarget "swift_testUITests" */ = {
			isa = XCConfigurationList;
			buildConfigurations = (
				94667914260DBB49002C8EA2 /* Debug */,
				94667915260DBB49002C8EA2 /* Release */,
			);
			defaultConfigurationIsVisible = 0;
			defaultConfigurationName = Release;
		};
/* End XCConfigurationList section */
	};
	rootObject = 946678DB260DBB47002C8EA2 /* Project object */;
}
